// !$*UTF8*$!
{
	archiveVersion = 1;
	classes = {
	};
	objectVersion = 55;
	objects = {

/* Begin PBXBuildFile section */
		5F3528D32801DC0C001D92DE /* AppDelegate.swift in Sources */ = {isa = PBXBuildFile; fileRef = 5F3528D22801DC0C001D92DE /* AppDelegate.swift */; };
		5F3528DC2801DC13001D92DE /* Assets.xcassets in Resources */ = {isa = PBXBuildFile; fileRef = 5F3528DB2801DC13001D92DE /* Assets.xcassets */; };
		5F3528DF2801DC13001D92DE /* LaunchScreen.storyboard in Resources */ = {isa = PBXBuildFile; fileRef = 5F3528DD2801DC13001D92DE /* LaunchScreen.storyboard */; };
		5F3528EA2801DC13001D92DE /* MovieFinderTests.swift in Sources */ = {isa = PBXBuildFile; fileRef = 5F3528E92801DC13001D92DE /* MovieFinderTests.swift */; };
		5F3528F42801DC14001D92DE /* MovieFinderUITests.swift in Sources */ = {isa = PBXBuildFile; fileRef = 5F3528F32801DC14001D92DE /* MovieFinderUITests.swift */; };
		5F3528F62801DC14001D92DE /* MovieFinderUITestsLaunchTests.swift in Sources */ = {isa = PBXBuildFile; fileRef = 5F3528F52801DC14001D92DE /* MovieFinderUITestsLaunchTests.swift */; };
		5F35291D2801E27A001D92DE /* Extensions.swift in Sources */ = {isa = PBXBuildFile; fileRef = 5F35291C2801E27A001D92DE /* Extensions.swift */; };
		5F35291F2801E284001D92DE /* Globals.swift in Sources */ = {isa = PBXBuildFile; fileRef = 5F35291E2801E284001D92DE /* Globals.swift */; };
		5F3529212801E28D001D92DE /* Enums.swift in Sources */ = {isa = PBXBuildFile; fileRef = 5F3529202801E28D001D92DE /* Enums.swift */; };
		5F3529232801E295001D92DE /* Bindable.swift in Sources */ = {isa = PBXBuildFile; fileRef = 5F3529222801E295001D92DE /* Bindable.swift */; };
		5F3529252801E2A0001D92DE /* Callback.swift in Sources */ = {isa = PBXBuildFile; fileRef = 5F3529242801E2A0001D92DE /* Callback.swift */; };
		5F3529272801E2B2001D92DE /* Loader.swift in Sources */ = {isa = PBXBuildFile; fileRef = 5F3529262801E2B2001D92DE /* Loader.swift */; };
		5F3529292801E2BA001D92DE /* Alert.swift in Sources */ = {isa = PBXBuildFile; fileRef = 5F3529282801E2BA001D92DE /* Alert.swift */; };
		5F35292B2801E2CD001D92DE /* ServiceConnector.swift in Sources */ = {isa = PBXBuildFile; fileRef = 5F35292A2801E2CD001D92DE /* ServiceConnector.swift */; };
		5F35292D2801E2D5001D92DE /* APIManager.swift in Sources */ = {isa = PBXBuildFile; fileRef = 5F35292C2801E2D5001D92DE /* APIManager.swift */; };
		5F35292F2801E2E3001D92DE /* MovieRepo.swift in Sources */ = {isa = PBXBuildFile; fileRef = 5F35292E2801E2E3001D92DE /* MovieRepo.swift */; };
		5F3529312801E2F4001D92DE /* MovieModel.swift in Sources */ = {isa = PBXBuildFile; fileRef = 5F3529302801E2F4001D92DE /* MovieModel.swift */; };
		5F3529352801E31B001D92DE /* BaseView.swift in Sources */ = {isa = PBXBuildFile; fileRef = 5F3529342801E31B001D92DE /* BaseView.swift */; };
		5F3529372801E329001D92DE /* BaseCollectionViewCell.swift in Sources */ = {isa = PBXBuildFile; fileRef = 5F3529362801E329001D92DE /* BaseCollectionViewCell.swift */; };
		5F3529392801E334001D92DE /* BaseTableViewCell.swift in Sources */ = {isa = PBXBuildFile; fileRef = 5F3529382801E334001D92DE /* BaseTableViewCell.swift */; };
		5F35293B2801E341001D92DE /* BaseViewModel.swift in Sources */ = {isa = PBXBuildFile; fileRef = 5F35293A2801E341001D92DE /* BaseViewModel.swift */; };
		5F35293D2801E34D001D92DE /* StoryboardRedirect.swift in Sources */ = {isa = PBXBuildFile; fileRef = 5F35293C2801E34D001D92DE /* StoryboardRedirect.swift */; };
		5F35293F2801E35D001D92DE /* BaseViewController.swift in Sources */ = {isa = PBXBuildFile; fileRef = 5F35293E2801E35D001D92DE /* BaseViewController.swift */; };
		5F3529442801E3F3001D92DE /* Colors.xcassets in Resources */ = {isa = PBXBuildFile; fileRef = 5F3529432801E3F3001D92DE /* Colors.xcassets */; };
		5F3529472801E452001D92DE /* Localizable.strings in Resources */ = {isa = PBXBuildFile; fileRef = 5F3529492801E452001D92DE /* Localizable.strings */; };
		5F3529502801F29D001D92DE /* swiftgen.yml in Resources */ = {isa = PBXBuildFile; fileRef = 5F35294F2801F29D001D92DE /* swiftgen.yml */; };
		5F3529522801F2CA001D92DE /* .swiftlint.yml in Resources */ = {isa = PBXBuildFile; fileRef = 5F3529512801F2CA001D92DE /* .swiftlint.yml */; };
		5F3529572801F3A9001D92DE /* SplashRouter.swift in Sources */ = {isa = PBXBuildFile; fileRef = 5F3529562801F3A9001D92DE /* SplashRouter.swift */; };
		5F3529592801F3B7001D92DE /* Splash.storyboard in Resources */ = {isa = PBXBuildFile; fileRef = 5F3529582801F3B7001D92DE /* Splash.storyboard */; };
		5F35295B2801F3C2001D92DE /* SplashViewController.swift in Sources */ = {isa = PBXBuildFile; fileRef = 5F35295A2801F3C2001D92DE /* SplashViewController.swift */; };
		5F35295D2801F3E7001D92DE /* HomeRouter.swift in Sources */ = {isa = PBXBuildFile; fileRef = 5F35295C2801F3E7001D92DE /* HomeRouter.swift */; };
		5F35295F2801F3F0001D92DE /* HomeViewModel.swift in Sources */ = {isa = PBXBuildFile; fileRef = 5F35295E2801F3F0001D92DE /* HomeViewModel.swift */; };
		5F3529612801F3F9001D92DE /* Home.storyboard in Resources */ = {isa = PBXBuildFile; fileRef = 5F3529602801F3F9001D92DE /* Home.storyboard */; };
		5F3529632801F403001D92DE /* HomeViewController.swift in Sources */ = {isa = PBXBuildFile; fileRef = 5F3529622801F403001D92DE /* HomeViewController.swift */; };
		5F3529652801F40F001D92DE /* Detail.storyboard in Resources */ = {isa = PBXBuildFile; fileRef = 5F3529642801F40F001D92DE /* Detail.storyboard */; };
		5F3529672801F41D001D92DE /* MovieDetailViewController.swift in Sources */ = {isa = PBXBuildFile; fileRef = 5F3529662801F41D001D92DE /* MovieDetailViewController.swift */; };
		5F35296A2801F72A001D92DE /* Assets.swift in Sources */ = {isa = PBXBuildFile; fileRef = 5F3529682801F729001D92DE /* Assets.swift */; };
		5F35296B2801F72A001D92DE /* Localization.swift in Sources */ = {isa = PBXBuildFile; fileRef = 5F3529692801F729001D92DE /* Localization.swift */; };
		5F35296D2801F8CB001D92DE /* Helper.swift in Sources */ = {isa = PBXBuildFile; fileRef = 5F35296C2801F8CB001D92DE /* Helper.swift */; };
		5F803C5A280231CE006CD6D8 /* DEV-GoogleService-Info.plist in Resources */ = {isa = PBXBuildFile; fileRef = 5F803C59280231CE006CD6D8 /* DEV-GoogleService-Info.plist */; };
		5F803C5C2802323B006CD6D8 /* STG-GoogleService-Info.plist in Resources */ = {isa = PBXBuildFile; fileRef = 5F803C5B2802323A006CD6D8 /* STG-GoogleService-Info.plist */; };
		5F803C5E28023293006CD6D8 /* PROD-GoogleService-Info.plist in Resources */ = {isa = PBXBuildFile; fileRef = 5F803C5D28023293006CD6D8 /* PROD-GoogleService-Info.plist */; };
		5F803C62280239CF006CD6D8 /* FirebaseManager.swift in Sources */ = {isa = PBXBuildFile; fileRef = 5F803C61280239CF006CD6D8 /* FirebaseManager.swift */; };
		5F803C6A28025A32006CD6D8 /* MovieTableViewCell.swift in Sources */ = {isa = PBXBuildFile; fileRef = 5F803C6828025A32006CD6D8 /* MovieTableViewCell.swift */; };
		5F803C6B28025A32006CD6D8 /* MovieTableViewCell.xib in Resources */ = {isa = PBXBuildFile; fileRef = 5F803C6928025A32006CD6D8 /* MovieTableViewCell.xib */; };
		5F803C6D28025FF8006CD6D8 /* Utilities.swift in Sources */ = {isa = PBXBuildFile; fileRef = 5F803C6C28025FF8006CD6D8 /* Utilities.swift */; };
		7A5506EA12D4F0C6BC296FBF /* Pods_MovieFinderTests.framework in Frameworks */ = {isa = PBXBuildFile; fileRef = 11D2D12FEEE76BFF296E2138 /* Pods_MovieFinderTests.framework */; };
		AE982346BEDD1F4F02D4F2DA /* Pods_MovieFinder.framework in Frameworks */ = {isa = PBXBuildFile; fileRef = 9773F0CF512A611093A87375 /* Pods_MovieFinder.framework */; };
		CF90F2E3134EF5DC717187E7 /* Pods_MovieFinder_MovieFinderUITests.framework in Frameworks */ = {isa = PBXBuildFile; fileRef = A8289DD2DC079EE0686E4EE1 /* Pods_MovieFinder_MovieFinderUITests.framework */; };
/* End PBXBuildFile section */

/* Begin PBXContainerItemProxy section */
		5F3528E62801DC13001D92DE /* PBXContainerItemProxy */ = {
			isa = PBXContainerItemProxy;
			containerPortal = 5F3528C72801DC0B001D92DE /* Project object */;
			proxyType = 1;
			remoteGlobalIDString = 5F3528CE2801DC0C001D92DE;
			remoteInfo = MovieFinder;
		};
		5F3528F02801DC14001D92DE /* PBXContainerItemProxy */ = {
			isa = PBXContainerItemProxy;
			containerPortal = 5F3528C72801DC0B001D92DE /* Project object */;
			proxyType = 1;
			remoteGlobalIDString = 5F3528CE2801DC0C001D92DE;
			remoteInfo = MovieFinder;
		};
/* End PBXContainerItemProxy section */

/* Begin PBXFileReference section */
		0D7C97DE6D54792B4DE74281 /* Pods-MovieFinderTests.staging.xcconfig */ = {isa = PBXFileReference; includeInIndex = 1; lastKnownFileType = text.xcconfig; name = "Pods-MovieFinderTests.staging.xcconfig"; path = "Target Support Files/Pods-MovieFinderTests/Pods-MovieFinderTests.staging.xcconfig"; sourceTree = "<group>"; };
		11D2D12FEEE76BFF296E2138 /* Pods_MovieFinderTests.framework */ = {isa = PBXFileReference; explicitFileType = wrapper.framework; includeInIndex = 0; path = Pods_MovieFinderTests.framework; sourceTree = BUILT_PRODUCTS_DIR; };
		53CF06A8F70DBF82F3A39566 /* Pods-MovieFinder.development.xcconfig */ = {isa = PBXFileReference; includeInIndex = 1; lastKnownFileType = text.xcconfig; name = "Pods-MovieFinder.development.xcconfig"; path = "Target Support Files/Pods-MovieFinder/Pods-MovieFinder.development.xcconfig"; sourceTree = "<group>"; };
		5F3528CF2801DC0C001D92DE /* MovieFinder.app */ = {isa = PBXFileReference; explicitFileType = wrapper.application; includeInIndex = 0; path = MovieFinder.app; sourceTree = BUILT_PRODUCTS_DIR; };
		5F3528D22801DC0C001D92DE /* AppDelegate.swift */ = {isa = PBXFileReference; lastKnownFileType = sourcecode.swift; path = AppDelegate.swift; sourceTree = "<group>"; };
		5F3528DB2801DC13001D92DE /* Assets.xcassets */ = {isa = PBXFileReference; lastKnownFileType = folder.assetcatalog; path = Assets.xcassets; sourceTree = "<group>"; };
		5F3528DE2801DC13001D92DE /* Base */ = {isa = PBXFileReference; lastKnownFileType = file.storyboard; name = Base; path = Base.lproj/LaunchScreen.storyboard; sourceTree = "<group>"; };
		5F3528E02801DC13001D92DE /* Info.plist */ = {isa = PBXFileReference; lastKnownFileType = text.plist.xml; path = Info.plist; sourceTree = "<group>"; };
		5F3528E52801DC13001D92DE /* MovieFinderTests.xctest */ = {isa = PBXFileReference; explicitFileType = wrapper.cfbundle; includeInIndex = 0; path = MovieFinderTests.xctest; sourceTree = BUILT_PRODUCTS_DIR; };
		5F3528E92801DC13001D92DE /* MovieFinderTests.swift */ = {isa = PBXFileReference; lastKnownFileType = sourcecode.swift; path = MovieFinderTests.swift; sourceTree = "<group>"; };
		5F3528EF2801DC14001D92DE /* MovieFinderUITests.xctest */ = {isa = PBXFileReference; explicitFileType = wrapper.cfbundle; includeInIndex = 0; path = MovieFinderUITests.xctest; sourceTree = BUILT_PRODUCTS_DIR; };
		5F3528F32801DC14001D92DE /* MovieFinderUITests.swift */ = {isa = PBXFileReference; lastKnownFileType = sourcecode.swift; path = MovieFinderUITests.swift; sourceTree = "<group>"; };
		5F3528F52801DC14001D92DE /* MovieFinderUITestsLaunchTests.swift */ = {isa = PBXFileReference; lastKnownFileType = sourcecode.swift; path = MovieFinderUITestsLaunchTests.swift; sourceTree = "<group>"; };
		5F35291C2801E27A001D92DE /* Extensions.swift */ = {isa = PBXFileReference; lastKnownFileType = sourcecode.swift; path = Extensions.swift; sourceTree = "<group>"; };
		5F35291E2801E284001D92DE /* Globals.swift */ = {isa = PBXFileReference; lastKnownFileType = sourcecode.swift; path = Globals.swift; sourceTree = "<group>"; };
		5F3529202801E28D001D92DE /* Enums.swift */ = {isa = PBXFileReference; lastKnownFileType = sourcecode.swift; path = Enums.swift; sourceTree = "<group>"; };
		5F3529222801E295001D92DE /* Bindable.swift */ = {isa = PBXFileReference; lastKnownFileType = sourcecode.swift; path = Bindable.swift; sourceTree = "<group>"; };
		5F3529242801E2A0001D92DE /* Callback.swift */ = {isa = PBXFileReference; lastKnownFileType = sourcecode.swift; path = Callback.swift; sourceTree = "<group>"; };
		5F3529262801E2B2001D92DE /* Loader.swift */ = {isa = PBXFileReference; lastKnownFileType = sourcecode.swift; path = Loader.swift; sourceTree = "<group>"; };
		5F3529282801E2BA001D92DE /* Alert.swift */ = {isa = PBXFileReference; lastKnownFileType = sourcecode.swift; path = Alert.swift; sourceTree = "<group>"; };
		5F35292A2801E2CD001D92DE /* ServiceConnector.swift */ = {isa = PBXFileReference; lastKnownFileType = sourcecode.swift; name = ServiceConnector.swift; path = MovieFinder/Shared/Network/ServiceConnector.swift; sourceTree = SOURCE_ROOT; };
		5F35292C2801E2D5001D92DE /* APIManager.swift */ = {isa = PBXFileReference; lastKnownFileType = sourcecode.swift; name = APIManager.swift; path = MovieFinder/Shared/Network/APIManager.swift; sourceTree = SOURCE_ROOT; };
		5F35292E2801E2E3001D92DE /* MovieRepo.swift */ = {isa = PBXFileReference; lastKnownFileType = sourcecode.swift; name = MovieRepo.swift; path = MovieFinder/Shared/Network/MovieRepo.swift; sourceTree = SOURCE_ROOT; };
		5F3529302801E2F4001D92DE /* MovieModel.swift */ = {isa = PBXFileReference; lastKnownFileType = sourcecode.swift; path = MovieModel.swift; sourceTree = "<group>"; };
		5F3529342801E31B001D92DE /* BaseView.swift */ = {isa = PBXFileReference; lastKnownFileType = sourcecode.swift; path = BaseView.swift; sourceTree = "<group>"; };
		5F3529362801E329001D92DE /* BaseCollectionViewCell.swift */ = {isa = PBXFileReference; lastKnownFileType = sourcecode.swift; path = BaseCollectionViewCell.swift; sourceTree = "<group>"; };
		5F3529382801E334001D92DE /* BaseTableViewCell.swift */ = {isa = PBXFileReference; lastKnownFileType = sourcecode.swift; path = BaseTableViewCell.swift; sourceTree = "<group>"; };
		5F35293A2801E341001D92DE /* BaseViewModel.swift */ = {isa = PBXFileReference; lastKnownFileType = sourcecode.swift; path = BaseViewModel.swift; sourceTree = "<group>"; };
		5F35293C2801E34D001D92DE /* StoryboardRedirect.swift */ = {isa = PBXFileReference; lastKnownFileType = sourcecode.swift; path = StoryboardRedirect.swift; sourceTree = "<group>"; };
		5F35293E2801E35D001D92DE /* BaseViewController.swift */ = {isa = PBXFileReference; lastKnownFileType = sourcecode.swift; path = BaseViewController.swift; sourceTree = "<group>"; };
		5F3529402801E3C1001D92DE /* Development.xcconfig */ = {isa = PBXFileReference; lastKnownFileType = text.xcconfig; path = Development.xcconfig; sourceTree = "<group>"; };
		5F3529412801E3CD001D92DE /* Staging.xcconfig */ = {isa = PBXFileReference; lastKnownFileType = text.xcconfig; path = Staging.xcconfig; sourceTree = "<group>"; };
		5F3529422801E3D8001D92DE /* Release.xcconfig */ = {isa = PBXFileReference; lastKnownFileType = text.xcconfig; path = Release.xcconfig; sourceTree = "<group>"; };
		5F3529432801E3F3001D92DE /* Colors.xcassets */ = {isa = PBXFileReference; lastKnownFileType = folder.assetcatalog; path = Colors.xcassets; sourceTree = "<group>"; };
		5F3529482801E452001D92DE /* en */ = {isa = PBXFileReference; lastKnownFileType = text.plist.strings; name = en; path = en.lproj/Localizable.strings; sourceTree = "<group>"; };
		5F35294F2801F29D001D92DE /* swiftgen.yml */ = {isa = PBXFileReference; lastKnownFileType = text.yaml; path = swiftgen.yml; sourceTree = "<group>"; };
		5F3529512801F2CA001D92DE /* .swiftlint.yml */ = {isa = PBXFileReference; lastKnownFileType = text.yaml; path = .swiftlint.yml; sourceTree = "<group>"; };
		5F3529562801F3A9001D92DE /* SplashRouter.swift */ = {isa = PBXFileReference; lastKnownFileType = sourcecode.swift; path = SplashRouter.swift; sourceTree = "<group>"; };
		5F3529582801F3B7001D92DE /* Splash.storyboard */ = {isa = PBXFileReference; lastKnownFileType = file.storyboard; path = Splash.storyboard; sourceTree = "<group>"; };
		5F35295A2801F3C2001D92DE /* SplashViewController.swift */ = {isa = PBXFileReference; lastKnownFileType = sourcecode.swift; path = SplashViewController.swift; sourceTree = "<group>"; };
		5F35295C2801F3E7001D92DE /* HomeRouter.swift */ = {isa = PBXFileReference; lastKnownFileType = sourcecode.swift; path = HomeRouter.swift; sourceTree = "<group>"; };
		5F35295E2801F3F0001D92DE /* HomeViewModel.swift */ = {isa = PBXFileReference; lastKnownFileType = sourcecode.swift; path = HomeViewModel.swift; sourceTree = "<group>"; };
		5F3529602801F3F9001D92DE /* Home.storyboard */ = {isa = PBXFileReference; lastKnownFileType = file.storyboard; path = Home.storyboard; sourceTree = "<group>"; };
		5F3529622801F403001D92DE /* HomeViewController.swift */ = {isa = PBXFileReference; lastKnownFileType = sourcecode.swift; path = HomeViewController.swift; sourceTree = "<group>"; };
		5F3529642801F40F001D92DE /* Detail.storyboard */ = {isa = PBXFileReference; lastKnownFileType = file.storyboard; path = Detail.storyboard; sourceTree = "<group>"; };
		5F3529662801F41D001D92DE /* MovieDetailViewController.swift */ = {isa = PBXFileReference; lastKnownFileType = sourcecode.swift; path = MovieDetailViewController.swift; sourceTree = "<group>"; };
		5F3529682801F729001D92DE /* Assets.swift */ = {isa = PBXFileReference; fileEncoding = 4; lastKnownFileType = sourcecode.swift; path = Assets.swift; sourceTree = "<group>"; };
		5F3529692801F729001D92DE /* Localization.swift */ = {isa = PBXFileReference; fileEncoding = 4; lastKnownFileType = sourcecode.swift; path = Localization.swift; sourceTree = "<group>"; };
		5F35296C2801F8CB001D92DE /* Helper.swift */ = {isa = PBXFileReference; lastKnownFileType = sourcecode.swift; path = Helper.swift; sourceTree = "<group>"; };
		5F803C59280231CE006CD6D8 /* DEV-GoogleService-Info.plist */ = {isa = PBXFileReference; fileEncoding = 4; lastKnownFileType = text.plist.xml; path = "DEV-GoogleService-Info.plist"; sourceTree = "<group>"; };
		5F803C5B2802323A006CD6D8 /* STG-GoogleService-Info.plist */ = {isa = PBXFileReference; fileEncoding = 4; lastKnownFileType = text.plist.xml; path = "STG-GoogleService-Info.plist"; sourceTree = "<group>"; };
		5F803C5D28023293006CD6D8 /* PROD-GoogleService-Info.plist */ = {isa = PBXFileReference; fileEncoding = 4; lastKnownFileType = text.plist.xml; path = "PROD-GoogleService-Info.plist"; sourceTree = "<group>"; };
		5F803C61280239CF006CD6D8 /* FirebaseManager.swift */ = {isa = PBXFileReference; lastKnownFileType = sourcecode.swift; path = FirebaseManager.swift; sourceTree = "<group>"; };
		5F803C6828025A32006CD6D8 /* MovieTableViewCell.swift */ = {isa = PBXFileReference; lastKnownFileType = sourcecode.swift; path = MovieTableViewCell.swift; sourceTree = "<group>"; };
		5F803C6928025A32006CD6D8 /* MovieTableViewCell.xib */ = {isa = PBXFileReference; lastKnownFileType = file.xib; path = MovieTableViewCell.xib; sourceTree = "<group>"; };
		5F803C6C28025FF8006CD6D8 /* Utilities.swift */ = {isa = PBXFileReference; lastKnownFileType = sourcecode.swift; path = Utilities.swift; sourceTree = "<group>"; };
		6ACA2A855F70DD5A5CA57B0F /* Pods-MovieFinder-MovieFinderUITests.release.xcconfig */ = {isa = PBXFileReference; includeInIndex = 1; lastKnownFileType = text.xcconfig; name = "Pods-MovieFinder-MovieFinderUITests.release.xcconfig"; path = "Target Support Files/Pods-MovieFinder-MovieFinderUITests/Pods-MovieFinder-MovieFinderUITests.release.xcconfig"; sourceTree = "<group>"; };
		8A99E426DC6AC9512F0663A3 /* Pods-MovieFinder-MovieFinderUITests.development.xcconfig */ = {isa = PBXFileReference; includeInIndex = 1; lastKnownFileType = text.xcconfig; name = "Pods-MovieFinder-MovieFinderUITests.development.xcconfig"; path = "Target Support Files/Pods-MovieFinder-MovieFinderUITests/Pods-MovieFinder-MovieFinderUITests.development.xcconfig"; sourceTree = "<group>"; };
		8D663A7B64421E01B539AC21 /* Pods-MovieFinderTests.development.xcconfig */ = {isa = PBXFileReference; includeInIndex = 1; lastKnownFileType = text.xcconfig; name = "Pods-MovieFinderTests.development.xcconfig"; path = "Target Support Files/Pods-MovieFinderTests/Pods-MovieFinderTests.development.xcconfig"; sourceTree = "<group>"; };
		9773F0CF512A611093A87375 /* Pods_MovieFinder.framework */ = {isa = PBXFileReference; explicitFileType = wrapper.framework; includeInIndex = 0; path = Pods_MovieFinder.framework; sourceTree = BUILT_PRODUCTS_DIR; };
		A68002568AD738FEB9A157D7 /* Pods-MovieFinder.staging.xcconfig */ = {isa = PBXFileReference; includeInIndex = 1; lastKnownFileType = text.xcconfig; name = "Pods-MovieFinder.staging.xcconfig"; path = "Target Support Files/Pods-MovieFinder/Pods-MovieFinder.staging.xcconfig"; sourceTree = "<group>"; };
		A8289DD2DC079EE0686E4EE1 /* Pods_MovieFinder_MovieFinderUITests.framework */ = {isa = PBXFileReference; explicitFileType = wrapper.framework; includeInIndex = 0; path = Pods_MovieFinder_MovieFinderUITests.framework; sourceTree = BUILT_PRODUCTS_DIR; };
		C49539E8B06B2B3497970889 /* Pods-MovieFinder-MovieFinderUITests.staging.xcconfig */ = {isa = PBXFileReference; includeInIndex = 1; lastKnownFileType = text.xcconfig; name = "Pods-MovieFinder-MovieFinderUITests.staging.xcconfig"; path = "Target Support Files/Pods-MovieFinder-MovieFinderUITests/Pods-MovieFinder-MovieFinderUITests.staging.xcconfig"; sourceTree = "<group>"; };
		D0FF33A537716F56BA71E176 /* Pods-MovieFinder.release.xcconfig */ = {isa = PBXFileReference; includeInIndex = 1; lastKnownFileType = text.xcconfig; name = "Pods-MovieFinder.release.xcconfig"; path = "Target Support Files/Pods-MovieFinder/Pods-MovieFinder.release.xcconfig"; sourceTree = "<group>"; };
		FF8B9C4A9D4D697D74F1008B /* Pods-MovieFinderTests.release.xcconfig */ = {isa = PBXFileReference; includeInIndex = 1; lastKnownFileType = text.xcconfig; name = "Pods-MovieFinderTests.release.xcconfig"; path = "Target Support Files/Pods-MovieFinderTests/Pods-MovieFinderTests.release.xcconfig"; sourceTree = "<group>"; };
/* End PBXFileReference section */

/* Begin PBXFrameworksBuildPhase section */
		5F3528CC2801DC0C001D92DE /* Frameworks */ = {
			isa = PBXFrameworksBuildPhase;
			buildActionMask = 2147483647;
			files = (
				AE982346BEDD1F4F02D4F2DA /* Pods_MovieFinder.framework in Frameworks */,
			);
			runOnlyForDeploymentPostprocessing = 0;
		};
		5F3528E22801DC13001D92DE /* Frameworks */ = {
			isa = PBXFrameworksBuildPhase;
			buildActionMask = 2147483647;
			files = (
				7A5506EA12D4F0C6BC296FBF /* Pods_MovieFinderTests.framework in Frameworks */,
			);
			runOnlyForDeploymentPostprocessing = 0;
		};
		5F3528EC2801DC13001D92DE /* Frameworks */ = {
			isa = PBXFrameworksBuildPhase;
			buildActionMask = 2147483647;
			files = (
				CF90F2E3134EF5DC717187E7 /* Pods_MovieFinder_MovieFinderUITests.framework in Frameworks */,
			);
			runOnlyForDeploymentPostprocessing = 0;
		};
/* End PBXFrameworksBuildPhase section */

/* Begin PBXGroup section */
		5F3528C62801DC0B001D92DE = {
			isa = PBXGroup;
			children = (
				5F3529512801F2CA001D92DE /* .swiftlint.yml */,
				5F35294F2801F29D001D92DE /* swiftgen.yml */,
				5F3528D12801DC0C001D92DE /* MovieFinder */,
				5F3528E82801DC13001D92DE /* MovieFinderTests */,
				5F3528F22801DC14001D92DE /* MovieFinderUITests */,
				5F3528D02801DC0C001D92DE /* Products */,
				D28569EF14E812F9057D35B3 /* Pods */,
				B496267D94623C009C9AE308 /* Frameworks */,
			);
			sourceTree = "<group>";
		};
		5F3528D02801DC0C001D92DE /* Products */ = {
			isa = PBXGroup;
			children = (
				5F3528CF2801DC0C001D92DE /* MovieFinder.app */,
				5F3528E52801DC13001D92DE /* MovieFinderTests.xctest */,
				5F3528EF2801DC14001D92DE /* MovieFinderUITests.xctest */,
			);
			name = Products;
			sourceTree = "<group>";
		};
		5F3528D12801DC0C001D92DE /* MovieFinder */ = {
			isa = PBXGroup;
			children = (
				5F803C59280231CE006CD6D8 /* DEV-GoogleService-Info.plist */,
				5F803C5B2802323A006CD6D8 /* STG-GoogleService-Info.plist */,
				5F803C5D28023293006CD6D8 /* PROD-GoogleService-Info.plist */,
				5F3529022801DE2F001D92DE /* AppDelegate */,
				5F3529052801DE56001D92DE /* Scene */,
				5F3529042801DE41001D92DE /* Shared */,
				5F3529032801DE3D001D92DE /* SupportedFiles */,
				5F3528E02801DC13001D92DE /* Info.plist */,
			);
			path = MovieFinder;
			sourceTree = "<group>";
		};
		5F3528E82801DC13001D92DE /* MovieFinderTests */ = {
			isa = PBXGroup;
			children = (
				5F3528E92801DC13001D92DE /* MovieFinderTests.swift */,
			);
			path = MovieFinderTests;
			sourceTree = "<group>";
		};
		5F3528F22801DC14001D92DE /* MovieFinderUITests */ = {
			isa = PBXGroup;
			children = (
				5F3528F32801DC14001D92DE /* MovieFinderUITests.swift */,
				5F3528F52801DC14001D92DE /* MovieFinderUITestsLaunchTests.swift */,
			);
			path = MovieFinderUITests;
			sourceTree = "<group>";
		};
		5F3529022801DE2F001D92DE /* AppDelegate */ = {
			isa = PBXGroup;
			children = (
				5F3528D22801DC0C001D92DE /* AppDelegate.swift */,
			);
			path = AppDelegate;
			sourceTree = "<group>";
		};
		5F3529032801DE3D001D92DE /* SupportedFiles */ = {
			isa = PBXGroup;
			children = (
				5F3529192801E24C001D92DE /* Configurations */,
				5F35291B2801E255001D92DE /* Generated */,
				5F35291A2801E252001D92DE /* Assets */,
				5F3529492801E452001D92DE /* Localizable.strings */,
			);
			path = SupportedFiles;
			sourceTree = "<group>";
		};
		5F3529042801DE41001D92DE /* Shared */ = {
			isa = PBXGroup;
			children = (
				5F803C60280239BE006CD6D8 /* Firebase */,
				5F3529182801DFE4001D92DE /* Helper */,
				5F35294A2801F191001D92DE /* Network */,
				5F3529162801DFDF001D92DE /* Model */,
				5F3529152801DFDC001D92DE /* Base */,
			);
			path = Shared;
			sourceTree = "<group>";
		};
		5F3529052801DE56001D92DE /* Scene */ = {
			isa = PBXGroup;
			children = (
				5F3529062801DE9C001D92DE /* Splash */,
				5F35290B2801DEFE001D92DE /* Home */,
				5F3529102801DF41001D92DE /* Detail */,
			);
			path = Scene;
			sourceTree = "<group>";
		};
		5F3529062801DE9C001D92DE /* Splash */ = {
			isa = PBXGroup;
			children = (
				5F3529072801DECD001D92DE /* Router */,
				5F3529082801DED3001D92DE /* ViewModel */,
				5F3529092801DED9001D92DE /* View */,
				5F35290A2801DEDF001D92DE /* Controller */,
			);
			path = Splash;
			sourceTree = "<group>";
		};
		5F3529072801DECD001D92DE /* Router */ = {
			isa = PBXGroup;
			children = (
				5F3529562801F3A9001D92DE /* SplashRouter.swift */,
			);
			path = Router;
			sourceTree = "<group>";
		};
		5F3529082801DED3001D92DE /* ViewModel */ = {
			isa = PBXGroup;
			children = (
			);
			path = ViewModel;
			sourceTree = "<group>";
		};
		5F3529092801DED9001D92DE /* View */ = {
			isa = PBXGroup;
			children = (
				5F3528DD2801DC13001D92DE /* LaunchScreen.storyboard */,
				5F3529582801F3B7001D92DE /* Splash.storyboard */,
			);
			path = View;
			sourceTree = "<group>";
		};
		5F35290A2801DEDF001D92DE /* Controller */ = {
			isa = PBXGroup;
			children = (
				5F35295A2801F3C2001D92DE /* SplashViewController.swift */,
			);
			path = Controller;
			sourceTree = "<group>";
		};
		5F35290B2801DEFE001D92DE /* Home */ = {
			isa = PBXGroup;
			children = (
				5F35290F2801DF11001D92DE /* Router */,
				5F35290E2801DF0E001D92DE /* ViewModel */,
				5F35290D2801DF0C001D92DE /* View */,
				5F35290C2801DF0A001D92DE /* Controller */,
			);
			path = Home;
			sourceTree = "<group>";
		};
		5F35290C2801DF0A001D92DE /* Controller */ = {
			isa = PBXGroup;
			children = (
				5F803C6628025A12006CD6D8 /* TableView */,
				5F3529622801F403001D92DE /* HomeViewController.swift */,
			);
			path = Controller;
			sourceTree = "<group>";
		};
		5F35290D2801DF0C001D92DE /* View */ = {
			isa = PBXGroup;
			children = (
				5F803C6728025A17006CD6D8 /* TableView */,
				5F3529602801F3F9001D92DE /* Home.storyboard */,
			);
			path = View;
			sourceTree = "<group>";
		};
		5F35290E2801DF0E001D92DE /* ViewModel */ = {
			isa = PBXGroup;
			children = (
				5F35295E2801F3F0001D92DE /* HomeViewModel.swift */,
			);
			path = ViewModel;
			sourceTree = "<group>";
		};
		5F35290F2801DF11001D92DE /* Router */ = {
			isa = PBXGroup;
			children = (
				5F35295C2801F3E7001D92DE /* HomeRouter.swift */,
			);
			path = Router;
			sourceTree = "<group>";
		};
		5F3529102801DF41001D92DE /* Detail */ = {
			isa = PBXGroup;
			children = (
				5F3529132801DF50001D92DE /* ViewModel */,
				5F3529122801DF4F001D92DE /* View */,
				5F3529112801DF4C001D92DE /* Controller */,
			);
			path = Detail;
			sourceTree = "<group>";
		};
		5F3529112801DF4C001D92DE /* Controller */ = {
			isa = PBXGroup;
			children = (
				5F3529662801F41D001D92DE /* MovieDetailViewController.swift */,
			);
			path = Controller;
			sourceTree = "<group>";
		};
		5F3529122801DF4F001D92DE /* View */ = {
			isa = PBXGroup;
			children = (
				5F3529642801F40F001D92DE /* Detail.storyboard */,
			);
			path = View;
			sourceTree = "<group>";
		};
		5F3529132801DF50001D92DE /* ViewModel */ = {
			isa = PBXGroup;
			children = (
			);
			path = ViewModel;
			sourceTree = "<group>";
		};
		5F3529152801DFDC001D92DE /* Base */ = {
			isa = PBXGroup;
			children = (
				5F3529322801E302001D92DE /* View */,
				5F3529332801E306001D92DE /* Controller */,
				5F35293A2801E341001D92DE /* BaseViewModel.swift */,
				5F35293C2801E34D001D92DE /* StoryboardRedirect.swift */,
			);
			path = Base;
			sourceTree = "<group>";
		};
		5F3529162801DFDF001D92DE /* Model */ = {
			isa = PBXGroup;
			children = (
				5F3529302801E2F4001D92DE /* MovieModel.swift */,
			);
			path = Model;
			sourceTree = "<group>";
		};
		5F3529182801DFE4001D92DE /* Helper */ = {
			isa = PBXGroup;
			children = (
				5F35291C2801E27A001D92DE /* Extensions.swift */,
				5F35291E2801E284001D92DE /* Globals.swift */,
				5F3529202801E28D001D92DE /* Enums.swift */,
				5F3529222801E295001D92DE /* Bindable.swift */,
				5F3529242801E2A0001D92DE /* Callback.swift */,
				5F3529262801E2B2001D92DE /* Loader.swift */,
				5F3529282801E2BA001D92DE /* Alert.swift */,
				5F35296C2801F8CB001D92DE /* Helper.swift */,
				5F803C6C28025FF8006CD6D8 /* Utilities.swift */,
			);
			path = Helper;
			sourceTree = "<group>";
		};
		5F3529192801E24C001D92DE /* Configurations */ = {
			isa = PBXGroup;
			children = (
				5F3529402801E3C1001D92DE /* Development.xcconfig */,
				5F3529412801E3CD001D92DE /* Staging.xcconfig */,
				5F3529422801E3D8001D92DE /* Release.xcconfig */,
			);
			path = Configurations;
			sourceTree = "<group>";
		};
		5F35291A2801E252001D92DE /* Assets */ = {
			isa = PBXGroup;
			children = (
				5F3528DB2801DC13001D92DE /* Assets.xcassets */,
				5F3529432801E3F3001D92DE /* Colors.xcassets */,
			);
			path = Assets;
			sourceTree = "<group>";
		};
		5F35291B2801E255001D92DE /* Generated */ = {
			isa = PBXGroup;
			children = (
				5F3529682801F729001D92DE /* Assets.swift */,
				5F3529692801F729001D92DE /* Localization.swift */,
			);
			path = Generated;
			sourceTree = "<group>";
		};
		5F3529322801E302001D92DE /* View */ = {
			isa = PBXGroup;
			children = (
				5F3529342801E31B001D92DE /* BaseView.swift */,
				5F3529362801E329001D92DE /* BaseCollectionViewCell.swift */,
				5F3529382801E334001D92DE /* BaseTableViewCell.swift */,
			);
			path = View;
			sourceTree = "<group>";
		};
		5F3529332801E306001D92DE /* Controller */ = {
			isa = PBXGroup;
			children = (
				5F35293E2801E35D001D92DE /* BaseViewController.swift */,
			);
			path = Controller;
			sourceTree = "<group>";
		};
		5F35294A2801F191001D92DE /* Network */ = {
			isa = PBXGroup;
			children = (
				5F35292A2801E2CD001D92DE /* ServiceConnector.swift */,
				5F35292C2801E2D5001D92DE /* APIManager.swift */,
				5F35292E2801E2E3001D92DE /* MovieRepo.swift */,
			);
			path = Network;
			sourceTree = "<group>";
		};
		5F803C60280239BE006CD6D8 /* Firebase */ = {
			isa = PBXGroup;
			children = (
				5F803C61280239CF006CD6D8 /* FirebaseManager.swift */,
			);
			path = Firebase;
			sourceTree = "<group>";
		};
		5F803C6628025A12006CD6D8 /* TableView */ = {
			isa = PBXGroup;
			children = (
				5F803C6828025A32006CD6D8 /* MovieTableViewCell.swift */,
			);
			path = TableView;
			sourceTree = "<group>";
		};
		5F803C6728025A17006CD6D8 /* TableView */ = {
			isa = PBXGroup;
			children = (
				5F803C6928025A32006CD6D8 /* MovieTableViewCell.xib */,
			);
			path = TableView;
			sourceTree = "<group>";
		};
		B496267D94623C009C9AE308 /* Frameworks */ = {
			isa = PBXGroup;
			children = (
				9773F0CF512A611093A87375 /* Pods_MovieFinder.framework */,
				A8289DD2DC079EE0686E4EE1 /* Pods_MovieFinder_MovieFinderUITests.framework */,
				11D2D12FEEE76BFF296E2138 /* Pods_MovieFinderTests.framework */,
			);
			name = Frameworks;
			sourceTree = "<group>";
		};
		D28569EF14E812F9057D35B3 /* Pods */ = {
			isa = PBXGroup;
			children = (
				53CF06A8F70DBF82F3A39566 /* Pods-MovieFinder.development.xcconfig */,
				A68002568AD738FEB9A157D7 /* Pods-MovieFinder.staging.xcconfig */,
				D0FF33A537716F56BA71E176 /* Pods-MovieFinder.release.xcconfig */,
				8A99E426DC6AC9512F0663A3 /* Pods-MovieFinder-MovieFinderUITests.development.xcconfig */,
				C49539E8B06B2B3497970889 /* Pods-MovieFinder-MovieFinderUITests.staging.xcconfig */,
				6ACA2A855F70DD5A5CA57B0F /* Pods-MovieFinder-MovieFinderUITests.release.xcconfig */,
				8D663A7B64421E01B539AC21 /* Pods-MovieFinderTests.development.xcconfig */,
				0D7C97DE6D54792B4DE74281 /* Pods-MovieFinderTests.staging.xcconfig */,
				FF8B9C4A9D4D697D74F1008B /* Pods-MovieFinderTests.release.xcconfig */,
			);
			path = Pods;
			sourceTree = "<group>";
		};
/* End PBXGroup section */

/* Begin PBXNativeTarget section */
		5F3528CE2801DC0C001D92DE /* MovieFinder */ = {
			isa = PBXNativeTarget;
			buildConfigurationList = 5F3528F92801DC14001D92DE /* Build configuration list for PBXNativeTarget "MovieFinder" */;
			buildPhases = (
				42CAD37E95C923DF36989555 /* [CP] Check Pods Manifest.lock */,
				5F3529542801F32D001D92DE /* SwiftGen */,
				5F3528CB2801DC0C001D92DE /* Sources */,
				5F3528CC2801DC0C001D92DE /* Frameworks */,
				5F3528CD2801DC0C001D92DE /* Resources */,
				5F3529552801F34D001D92DE /* SwiftLint */,
				5F803C5F280236B8006CD6D8 /* Google-Plist */,
				775D0D5D07F313DE16DC0A08 /* [CP] Embed Pods Frameworks */,
			);
			buildRules = (
			);
			dependencies = (
			);
			name = MovieFinder;
			productName = MovieFinder;
			productReference = 5F3528CF2801DC0C001D92DE /* MovieFinder.app */;
			productType = "com.apple.product-type.application";
		};
		5F3528E42801DC13001D92DE /* MovieFinderTests */ = {
			isa = PBXNativeTarget;
			buildConfigurationList = 5F3528FC2801DC14001D92DE /* Build configuration list for PBXNativeTarget "MovieFinderTests" */;
			buildPhases = (
				43DFDB5E1BAAB1255CD67427 /* [CP] Check Pods Manifest.lock */,
				5F3528E12801DC13001D92DE /* Sources */,
				5F3528E22801DC13001D92DE /* Frameworks */,
				5F3528E32801DC13001D92DE /* Resources */,
			);
			buildRules = (
			);
			dependencies = (
				5F3528E72801DC13001D92DE /* PBXTargetDependency */,
			);
			name = MovieFinderTests;
			productName = MovieFinderTests;
			productReference = 5F3528E52801DC13001D92DE /* MovieFinderTests.xctest */;
			productType = "com.apple.product-type.bundle.unit-test";
		};
		5F3528EE2801DC13001D92DE /* MovieFinderUITests */ = {
			isa = PBXNativeTarget;
			buildConfigurationList = 5F3528FF2801DC14001D92DE /* Build configuration list for PBXNativeTarget "MovieFinderUITests" */;
			buildPhases = (
				CB1B754247D821AA43C7B4EB /* [CP] Check Pods Manifest.lock */,
				5F3528EB2801DC13001D92DE /* Sources */,
				5F3528EC2801DC13001D92DE /* Frameworks */,
				5F3528ED2801DC13001D92DE /* Resources */,
				3F31E50336B0755D00999D1F /* [CP] Embed Pods Frameworks */,
			);
			buildRules = (
			);
			dependencies = (
				5F3528F12801DC14001D92DE /* PBXTargetDependency */,
			);
			name = MovieFinderUITests;
			productName = MovieFinderUITests;
			productReference = 5F3528EF2801DC14001D92DE /* MovieFinderUITests.xctest */;
			productType = "com.apple.product-type.bundle.ui-testing";
		};
/* End PBXNativeTarget section */

/* Begin PBXProject section */
		5F3528C72801DC0B001D92DE /* Project object */ = {
			isa = PBXProject;
			attributes = {
				BuildIndependentTargetsInParallel = 1;
				LastSwiftUpdateCheck = 1330;
				LastUpgradeCheck = 1330;
				TargetAttributes = {
					5F3528CE2801DC0C001D92DE = {
						CreatedOnToolsVersion = 13.3;
					};
					5F3528E42801DC13001D92DE = {
						CreatedOnToolsVersion = 13.3;
						TestTargetID = 5F3528CE2801DC0C001D92DE;
					};
					5F3528EE2801DC13001D92DE = {
						CreatedOnToolsVersion = 13.3;
						TestTargetID = 5F3528CE2801DC0C001D92DE;
					};
				};
			};
			buildConfigurationList = 5F3528CA2801DC0B001D92DE /* Build configuration list for PBXProject "MovieFinder" */;
			compatibilityVersion = "Xcode 13.0";
			developmentRegion = en;
			hasScannedForEncodings = 0;
			knownRegions = (
				en,
				Base,
			);
			mainGroup = 5F3528C62801DC0B001D92DE;
			productRefGroup = 5F3528D02801DC0C001D92DE /* Products */;
			projectDirPath = "";
			projectRoot = "";
			targets = (
				5F3528CE2801DC0C001D92DE /* MovieFinder */,
				5F3528E42801DC13001D92DE /* MovieFinderTests */,
				5F3528EE2801DC13001D92DE /* MovieFinderUITests */,
			);
		};
/* End PBXProject section */

/* Begin PBXResourcesBuildPhase section */
		5F3528CD2801DC0C001D92DE /* Resources */ = {
			isa = PBXResourcesBuildPhase;
			buildActionMask = 2147483647;
			files = (
				5F3529522801F2CA001D92DE /* .swiftlint.yml in Resources */,
				5F3529442801E3F3001D92DE /* Colors.xcassets in Resources */,
				5F803C5E28023293006CD6D8 /* PROD-GoogleService-Info.plist in Resources */,
				5F3529652801F40F001D92DE /* Detail.storyboard in Resources */,
				5F3529502801F29D001D92DE /* swiftgen.yml in Resources */,
				5F3529472801E452001D92DE /* Localizable.strings in Resources */,
				5F803C6B28025A32006CD6D8 /* MovieTableViewCell.xib in Resources */,
				5F803C5C2802323B006CD6D8 /* STG-GoogleService-Info.plist in Resources */,
				5F3528DF2801DC13001D92DE /* LaunchScreen.storyboard in Resources */,
				5F3528DC2801DC13001D92DE /* Assets.xcassets in Resources */,
				5F803C5A280231CE006CD6D8 /* DEV-GoogleService-Info.plist in Resources */,
				5F3529592801F3B7001D92DE /* Splash.storyboard in Resources */,
				5F3529612801F3F9001D92DE /* Home.storyboard in Resources */,
			);
			runOnlyForDeploymentPostprocessing = 0;
		};
		5F3528E32801DC13001D92DE /* Resources */ = {
			isa = PBXResourcesBuildPhase;
			buildActionMask = 2147483647;
			files = (
			);
			runOnlyForDeploymentPostprocessing = 0;
		};
		5F3528ED2801DC13001D92DE /* Resources */ = {
			isa = PBXResourcesBuildPhase;
			buildActionMask = 2147483647;
			files = (
			);
			runOnlyForDeploymentPostprocessing = 0;
		};
/* End PBXResourcesBuildPhase section */

/* Begin PBXShellScriptBuildPhase section */
		3F31E50336B0755D00999D1F /* [CP] Embed Pods Frameworks */ = {
			isa = PBXShellScriptBuildPhase;
			buildActionMask = 2147483647;
			files = (
			);
			inputFileListPaths = (
				"${PODS_ROOT}/Target Support Files/Pods-MovieFinder-MovieFinderUITests/Pods-MovieFinder-MovieFinderUITests-frameworks-${CONFIGURATION}-input-files.xcfilelist",
			);
			name = "[CP] Embed Pods Frameworks";
			outputFileListPaths = (
				"${PODS_ROOT}/Target Support Files/Pods-MovieFinder-MovieFinderUITests/Pods-MovieFinder-MovieFinderUITests-frameworks-${CONFIGURATION}-output-files.xcfilelist",
			);
			runOnlyForDeploymentPostprocessing = 0;
			shellPath = /bin/sh;
			shellScript = "\"${PODS_ROOT}/Target Support Files/Pods-MovieFinder-MovieFinderUITests/Pods-MovieFinder-MovieFinderUITests-frameworks.sh\"\n";
			showEnvVarsInLog = 0;
		};
		42CAD37E95C923DF36989555 /* [CP] Check Pods Manifest.lock */ = {
			isa = PBXShellScriptBuildPhase;
			buildActionMask = 2147483647;
			files = (
			);
			inputFileListPaths = (
			);
			inputPaths = (
				"${PODS_PODFILE_DIR_PATH}/Podfile.lock",
				"${PODS_ROOT}/Manifest.lock",
			);
			name = "[CP] Check Pods Manifest.lock";
			outputFileListPaths = (
			);
			outputPaths = (
				"$(DERIVED_FILE_DIR)/Pods-MovieFinder-checkManifestLockResult.txt",
			);
			runOnlyForDeploymentPostprocessing = 0;
			shellPath = /bin/sh;
			shellScript = "diff \"${PODS_PODFILE_DIR_PATH}/Podfile.lock\" \"${PODS_ROOT}/Manifest.lock\" > /dev/null\nif [ $? != 0 ] ; then\n    # print error to STDERR\n    echo \"error: The sandbox is not in sync with the Podfile.lock. Run 'pod install' or update your CocoaPods installation.\" >&2\n    exit 1\nfi\n# This output is used by Xcode 'outputs' to avoid re-running this script phase.\necho \"SUCCESS\" > \"${SCRIPT_OUTPUT_FILE_0}\"\n";
			showEnvVarsInLog = 0;
		};
		43DFDB5E1BAAB1255CD67427 /* [CP] Check Pods Manifest.lock */ = {
			isa = PBXShellScriptBuildPhase;
			buildActionMask = 2147483647;
			files = (
			);
			inputFileListPaths = (
			);
			inputPaths = (
				"${PODS_PODFILE_DIR_PATH}/Podfile.lock",
				"${PODS_ROOT}/Manifest.lock",
			);
			name = "[CP] Check Pods Manifest.lock";
			outputFileListPaths = (
			);
			outputPaths = (
				"$(DERIVED_FILE_DIR)/Pods-MovieFinderTests-checkManifestLockResult.txt",
			);
			runOnlyForDeploymentPostprocessing = 0;
			shellPath = /bin/sh;
			shellScript = "diff \"${PODS_PODFILE_DIR_PATH}/Podfile.lock\" \"${PODS_ROOT}/Manifest.lock\" > /dev/null\nif [ $? != 0 ] ; then\n    # print error to STDERR\n    echo \"error: The sandbox is not in sync with the Podfile.lock. Run 'pod install' or update your CocoaPods installation.\" >&2\n    exit 1\nfi\n# This output is used by Xcode 'outputs' to avoid re-running this script phase.\necho \"SUCCESS\" > \"${SCRIPT_OUTPUT_FILE_0}\"\n";
			showEnvVarsInLog = 0;
		};
		5F3529542801F32D001D92DE /* SwiftGen */ = {
			isa = PBXShellScriptBuildPhase;
			buildActionMask = 2147483647;
			files = (
			);
			inputFileListPaths = (
			);
			inputPaths = (
			);
			name = SwiftGen;
			outputFileListPaths = (
			);
			outputPaths = (
			);
			runOnlyForDeploymentPostprocessing = 0;
			shellPath = /bin/sh;
			shellScript = "if [[ -f \"${PODS_ROOT}/SwiftGen/bin/swiftgen\" ]]; then\n  \"${PODS_ROOT}/SwiftGen/bin/swiftgen\"\nelse\n  echo \"warning: SwiftGen is not installed. Run 'pod install --repo-update' to install it.\"\nfi \n";
		};
		5F3529552801F34D001D92DE /* SwiftLint */ = {
			isa = PBXShellScriptBuildPhase;
			buildActionMask = 2147483647;
			files = (
			);
			inputFileListPaths = (
			);
			inputPaths = (
			);
			name = SwiftLint;
			outputFileListPaths = (
			);
			outputPaths = (
			);
			runOnlyForDeploymentPostprocessing = 0;
			shellPath = /bin/sh;
			shellScript = "\"${PODS_ROOT}/SwiftLint/swiftlint\"\n\n";
		};
		5F803C5F280236B8006CD6D8 /* Google-Plist */ = {
			isa = PBXShellScriptBuildPhase;
			buildActionMask = 2147483647;
			files = (
			);
			inputFileListPaths = (
			);
			inputPaths = (
			);
			name = "Google-Plist";
			outputFileListPaths = (
			);
			outputPaths = (
			);
			runOnlyForDeploymentPostprocessing = 0;
			shellPath = /bin/sh;
			shellScript = "PATH_TO_GOOGLE_PLISTS=\"${PROJECT_DIR}/MovieFinder\"\n\ncase \"${CONFIGURATION}\" in\n   \"Development\" )\n        cp -r \"$PATH_TO_GOOGLE_PLISTS/DEV-GoogleService-Info.plist\" \"${BUILT_PRODUCTS_DIR}/MovieFinder.app/GoogleService-Info.plist\" ;;\n\n    \"Staging\" )\n        cp -r \"$PATH_TO_GOOGLE_PLISTS/STG-GoogleService-Info.plist\" \"${BUILT_PRODUCTS_DIR}/MovieFinder.app/GoogleService-Info.plist\" ;;\n\n   \"Release\" )\n        cp -r \"$PATH_TO_GOOGLE_PLISTS/PROD-GoogleService-Info.plist\" \"${BUILT_PRODUCTS_DIR}/MovieFinder.app/GoogleService-Info.plist\" ;;\n\n    *)\n        ;;\nesac\n";
		};
		775D0D5D07F313DE16DC0A08 /* [CP] Embed Pods Frameworks */ = {
			isa = PBXShellScriptBuildPhase;
			buildActionMask = 2147483647;
			files = (
			);
			inputFileListPaths = (
				"${PODS_ROOT}/Target Support Files/Pods-MovieFinder/Pods-MovieFinder-frameworks-${CONFIGURATION}-input-files.xcfilelist",
			);
			name = "[CP] Embed Pods Frameworks";
			outputFileListPaths = (
				"${PODS_ROOT}/Target Support Files/Pods-MovieFinder/Pods-MovieFinder-frameworks-${CONFIGURATION}-output-files.xcfilelist",
			);
			runOnlyForDeploymentPostprocessing = 0;
			shellPath = /bin/sh;
			shellScript = "\"${PODS_ROOT}/Target Support Files/Pods-MovieFinder/Pods-MovieFinder-frameworks.sh\"\n";
			showEnvVarsInLog = 0;
		};
		CB1B754247D821AA43C7B4EB /* [CP] Check Pods Manifest.lock */ = {
			isa = PBXShellScriptBuildPhase;
			buildActionMask = 2147483647;
			files = (
			);
			inputFileListPaths = (
			);
			inputPaths = (
				"${PODS_PODFILE_DIR_PATH}/Podfile.lock",
				"${PODS_ROOT}/Manifest.lock",
			);
			name = "[CP] Check Pods Manifest.lock";
			outputFileListPaths = (
			);
			outputPaths = (
				"$(DERIVED_FILE_DIR)/Pods-MovieFinder-MovieFinderUITests-checkManifestLockResult.txt",
			);
			runOnlyForDeploymentPostprocessing = 0;
			shellPath = /bin/sh;
			shellScript = "diff \"${PODS_PODFILE_DIR_PATH}/Podfile.lock\" \"${PODS_ROOT}/Manifest.lock\" > /dev/null\nif [ $? != 0 ] ; then\n    # print error to STDERR\n    echo \"error: The sandbox is not in sync with the Podfile.lock. Run 'pod install' or update your CocoaPods installation.\" >&2\n    exit 1\nfi\n# This output is used by Xcode 'outputs' to avoid re-running this script phase.\necho \"SUCCESS\" > \"${SCRIPT_OUTPUT_FILE_0}\"\n";
			showEnvVarsInLog = 0;
		};
/* End PBXShellScriptBuildPhase section */

/* Begin PBXSourcesBuildPhase section */
		5F3528CB2801DC0C001D92DE /* Sources */ = {
			isa = PBXSourcesBuildPhase;
			buildActionMask = 2147483647;
			files = (
				5F3529312801E2F4001D92DE /* MovieModel.swift in Sources */,
				5F35295F2801F3F0001D92DE /* HomeViewModel.swift in Sources */,
				5F3529372801E329001D92DE /* BaseCollectionViewCell.swift in Sources */,
				5F3529352801E31B001D92DE /* BaseView.swift in Sources */,
				5F3529672801F41D001D92DE /* MovieDetailViewController.swift in Sources */,
				5F35296D2801F8CB001D92DE /* Helper.swift in Sources */,
				5F3529572801F3A9001D92DE /* SplashRouter.swift in Sources */,
				5F3529232801E295001D92DE /* Bindable.swift in Sources */,
				5F3529632801F403001D92DE /* HomeViewController.swift in Sources */,
				5F35296A2801F72A001D92DE /* Assets.swift in Sources */,
				5F3529252801E2A0001D92DE /* Callback.swift in Sources */,
				5F35293F2801E35D001D92DE /* BaseViewController.swift in Sources */,
				5F35293B2801E341001D92DE /* BaseViewModel.swift in Sources */,
				5F35292D2801E2D5001D92DE /* APIManager.swift in Sources */,
				5F35292F2801E2E3001D92DE /* MovieRepo.swift in Sources */,
				5F3528D32801DC0C001D92DE /* AppDelegate.swift in Sources */,
				5F803C62280239CF006CD6D8 /* FirebaseManager.swift in Sources */,
				5F35292B2801E2CD001D92DE /* ServiceConnector.swift in Sources */,
				5F803C6D28025FF8006CD6D8 /* Utilities.swift in Sources */,
				5F35293D2801E34D001D92DE /* StoryboardRedirect.swift in Sources */,
				5F803C6A28025A32006CD6D8 /* MovieTableViewCell.swift in Sources */,
				5F35291D2801E27A001D92DE /* Extensions.swift in Sources */,
				5F35296B2801F72A001D92DE /* Localization.swift in Sources */,
				5F3529212801E28D001D92DE /* Enums.swift in Sources */,
				5F3529272801E2B2001D92DE /* Loader.swift in Sources */,
				5F35295D2801F3E7001D92DE /* HomeRouter.swift in Sources */,
				5F3529292801E2BA001D92DE /* Alert.swift in Sources */,
				5F3529392801E334001D92DE /* BaseTableViewCell.swift in Sources */,
				5F35291F2801E284001D92DE /* Globals.swift in Sources */,
				5F35295B2801F3C2001D92DE /* SplashViewController.swift in Sources */,
			);
			runOnlyForDeploymentPostprocessing = 0;
		};
		5F3528E12801DC13001D92DE /* Sources */ = {
			isa = PBXSourcesBuildPhase;
			buildActionMask = 2147483647;
			files = (
				5F3528EA2801DC13001D92DE /* MovieFinderTests.swift in Sources */,
			);
			runOnlyForDeploymentPostprocessing = 0;
		};
		5F3528EB2801DC13001D92DE /* Sources */ = {
			isa = PBXSourcesBuildPhase;
			buildActionMask = 2147483647;
			files = (
				5F3528F42801DC14001D92DE /* MovieFinderUITests.swift in Sources */,
				5F3528F62801DC14001D92DE /* MovieFinderUITestsLaunchTests.swift in Sources */,
			);
			runOnlyForDeploymentPostprocessing = 0;
		};
/* End PBXSourcesBuildPhase section */

/* Begin PBXTargetDependency section */
		5F3528E72801DC13001D92DE /* PBXTargetDependency */ = {
			isa = PBXTargetDependency;
			target = 5F3528CE2801DC0C001D92DE /* MovieFinder */;
			targetProxy = 5F3528E62801DC13001D92DE /* PBXContainerItemProxy */;
		};
		5F3528F12801DC14001D92DE /* PBXTargetDependency */ = {
			isa = PBXTargetDependency;
			target = 5F3528CE2801DC0C001D92DE /* MovieFinder */;
			targetProxy = 5F3528F02801DC14001D92DE /* PBXContainerItemProxy */;
		};
/* End PBXTargetDependency section */

/* Begin PBXVariantGroup section */
		5F3528DD2801DC13001D92DE /* LaunchScreen.storyboard */ = {
			isa = PBXVariantGroup;
			children = (
				5F3528DE2801DC13001D92DE /* Base */,
			);
			name = LaunchScreen.storyboard;
			sourceTree = "<group>";
		};
		5F3529492801E452001D92DE /* Localizable.strings */ = {
			isa = PBXVariantGroup;
			children = (
				5F3529482801E452001D92DE /* en */,
			);
			name = Localizable.strings;
			sourceTree = "<group>";
		};
/* End PBXVariantGroup section */

/* Begin XCBuildConfiguration section */
		5F3528F72801DC14001D92DE /* Development */ = {
			isa = XCBuildConfiguration;
			baseConfigurationReference = 5F3529402801E3C1001D92DE /* Development.xcconfig */;
			buildSettings = {
				ALWAYS_SEARCH_USER_PATHS = NO;
				CLANG_ANALYZER_NONNULL = YES;
				CLANG_ANALYZER_NUMBER_OBJECT_CONVERSION = YES_AGGRESSIVE;
				CLANG_CXX_LANGUAGE_STANDARD = "gnu++17";
				CLANG_ENABLE_MODULES = YES;
				CLANG_ENABLE_OBJC_ARC = YES;
				CLANG_ENABLE_OBJC_WEAK = YES;
				CLANG_WARN_BLOCK_CAPTURE_AUTORELEASING = YES;
				CLANG_WARN_BOOL_CONVERSION = YES;
				CLANG_WARN_COMMA = YES;
				CLANG_WARN_CONSTANT_CONVERSION = YES;
				CLANG_WARN_DEPRECATED_OBJC_IMPLEMENTATIONS = YES;
				CLANG_WARN_DIRECT_OBJC_ISA_USAGE = YES_ERROR;
				CLANG_WARN_DOCUMENTATION_COMMENTS = YES;
				CLANG_WARN_EMPTY_BODY = YES;
				CLANG_WARN_ENUM_CONVERSION = YES;
				CLANG_WARN_INFINITE_RECURSION = YES;
				CLANG_WARN_INT_CONVERSION = YES;
				CLANG_WARN_NON_LITERAL_NULL_CONVERSION = YES;
				CLANG_WARN_OBJC_IMPLICIT_RETAIN_SELF = YES;
				CLANG_WARN_OBJC_LITERAL_CONVERSION = YES;
				CLANG_WARN_OBJC_ROOT_CLASS = YES_ERROR;
				CLANG_WARN_QUOTED_INCLUDE_IN_FRAMEWORK_HEADER = YES;
				CLANG_WARN_RANGE_LOOP_ANALYSIS = YES;
				CLANG_WARN_STRICT_PROTOTYPES = YES;
				CLANG_WARN_SUSPICIOUS_MOVE = YES;
				CLANG_WARN_UNGUARDED_AVAILABILITY = YES_AGGRESSIVE;
				CLANG_WARN_UNREACHABLE_CODE = YES;
				CLANG_WARN__DUPLICATE_METHOD_MATCH = YES;
				COPY_PHASE_STRIP = NO;
				DEBUG_INFORMATION_FORMAT = dwarf;
				ENABLE_STRICT_OBJC_MSGSEND = YES;
				ENABLE_TESTABILITY = YES;
				GCC_C_LANGUAGE_STANDARD = gnu11;
				GCC_DYNAMIC_NO_PIC = NO;
				GCC_NO_COMMON_BLOCKS = YES;
				GCC_OPTIMIZATION_LEVEL = 0;
				GCC_PREPROCESSOR_DEFINITIONS = (
					"DEBUG=1",
					"$(inherited)",
				);
				GCC_WARN_64_TO_32_BIT_CONVERSION = YES;
				GCC_WARN_ABOUT_RETURN_TYPE = YES_ERROR;
				GCC_WARN_UNDECLARED_SELECTOR = YES;
				GCC_WARN_UNINITIALIZED_AUTOS = YES_AGGRESSIVE;
				GCC_WARN_UNUSED_FUNCTION = YES;
				GCC_WARN_UNUSED_VARIABLE = YES;
				IPHONEOS_DEPLOYMENT_TARGET = 12.0;
				MTL_ENABLE_DEBUG_INFO = INCLUDE_SOURCE;
				MTL_FAST_MATH = YES;
				ONLY_ACTIVE_ARCH = YES;
				SDKROOT = iphoneos;
				SWIFT_ACTIVE_COMPILATION_CONDITIONS = DEBUG;
				SWIFT_OPTIMIZATION_LEVEL = "-Onone";
			};
			name = Development;
		};
		5F3528F82801DC14001D92DE /* Release */ = {
			isa = XCBuildConfiguration;
			baseConfigurationReference = 5F3529422801E3D8001D92DE /* Release.xcconfig */;
			buildSettings = {
				ALWAYS_SEARCH_USER_PATHS = NO;
				CLANG_ANALYZER_NONNULL = YES;
				CLANG_ANALYZER_NUMBER_OBJECT_CONVERSION = YES_AGGRESSIVE;
				CLANG_CXX_LANGUAGE_STANDARD = "gnu++17";
				CLANG_ENABLE_MODULES = YES;
				CLANG_ENABLE_OBJC_ARC = YES;
				CLANG_ENABLE_OBJC_WEAK = YES;
				CLANG_WARN_BLOCK_CAPTURE_AUTORELEASING = YES;
				CLANG_WARN_BOOL_CONVERSION = YES;
				CLANG_WARN_COMMA = YES;
				CLANG_WARN_CONSTANT_CONVERSION = YES;
				CLANG_WARN_DEPRECATED_OBJC_IMPLEMENTATIONS = YES;
				CLANG_WARN_DIRECT_OBJC_ISA_USAGE = YES_ERROR;
				CLANG_WARN_DOCUMENTATION_COMMENTS = YES;
				CLANG_WARN_EMPTY_BODY = YES;
				CLANG_WARN_ENUM_CONVERSION = YES;
				CLANG_WARN_INFINITE_RECURSION = YES;
				CLANG_WARN_INT_CONVERSION = YES;
				CLANG_WARN_NON_LITERAL_NULL_CONVERSION = YES;
				CLANG_WARN_OBJC_IMPLICIT_RETAIN_SELF = YES;
				CLANG_WARN_OBJC_LITERAL_CONVERSION = YES;
				CLANG_WARN_OBJC_ROOT_CLASS = YES_ERROR;
				CLANG_WARN_QUOTED_INCLUDE_IN_FRAMEWORK_HEADER = YES;
				CLANG_WARN_RANGE_LOOP_ANALYSIS = YES;
				CLANG_WARN_STRICT_PROTOTYPES = YES;
				CLANG_WARN_SUSPICIOUS_MOVE = YES;
				CLANG_WARN_UNGUARDED_AVAILABILITY = YES_AGGRESSIVE;
				CLANG_WARN_UNREACHABLE_CODE = YES;
				CLANG_WARN__DUPLICATE_METHOD_MATCH = YES;
				COPY_PHASE_STRIP = NO;
				DEBUG_INFORMATION_FORMAT = "dwarf-with-dsym";
				ENABLE_NS_ASSERTIONS = NO;
				ENABLE_STRICT_OBJC_MSGSEND = YES;
				GCC_C_LANGUAGE_STANDARD = gnu11;
				GCC_NO_COMMON_BLOCKS = YES;
				GCC_WARN_64_TO_32_BIT_CONVERSION = YES;
				GCC_WARN_ABOUT_RETURN_TYPE = YES_ERROR;
				GCC_WARN_UNDECLARED_SELECTOR = YES;
				GCC_WARN_UNINITIALIZED_AUTOS = YES_AGGRESSIVE;
				GCC_WARN_UNUSED_FUNCTION = YES;
				GCC_WARN_UNUSED_VARIABLE = YES;
				IPHONEOS_DEPLOYMENT_TARGET = 12.0;
				MTL_ENABLE_DEBUG_INFO = NO;
				MTL_FAST_MATH = YES;
				SDKROOT = iphoneos;
				SWIFT_COMPILATION_MODE = wholemodule;
				SWIFT_OPTIMIZATION_LEVEL = "-O";
				VALIDATE_PRODUCT = YES;
			};
			name = Release;
		};
		5F3528FA2801DC14001D92DE /* Development */ = {
			isa = XCBuildConfiguration;
			baseConfigurationReference = 53CF06A8F70DBF82F3A39566 /* Pods-MovieFinder.development.xcconfig */;
			buildSettings = {
				ASSETCATALOG_COMPILER_APPICON_NAME = AppIcon;
				ASSETCATALOG_COMPILER_GLOBAL_ACCENT_COLOR_NAME = AccentColor;
				CODE_SIGN_STYLE = Automatic;
				CURRENT_PROJECT_VERSION = 1;
				DEVELOPMENT_TEAM = NHFBU2GC6N;
				GENERATE_INFOPLIST_FILE = YES;
				INFOPLIST_FILE = MovieFinder/Info.plist;
				INFOPLIST_KEY_UIApplicationSupportsIndirectInputEvents = YES;
				INFOPLIST_KEY_UILaunchStoryboardName = LaunchScreen;
				INFOPLIST_KEY_UIMainStoryboardFile = Splash;
				INFOPLIST_KEY_UIRequiredDeviceCapabilities = armv7;
				INFOPLIST_KEY_UISupportedInterfaceOrientations = UIInterfaceOrientationPortrait;
				INFOPLIST_KEY_UISupportedInterfaceOrientations_iPad = "UIInterfaceOrientationPortrait UIInterfaceOrientationPortraitUpsideDown UIInterfaceOrientationLandscapeLeft UIInterfaceOrientationLandscapeRight";
				INFOPLIST_KEY_UISupportedInterfaceOrientations_iPhone = "UIInterfaceOrientationPortrait UIInterfaceOrientationLandscapeLeft UIInterfaceOrientationLandscapeRight";
				INFOPLIST_KEY_UIUserInterfaceStyle = Light;
				IPHONEOS_DEPLOYMENT_TARGET = 12.0;
				LD_RUNPATH_SEARCH_PATHS = (
					"$(inherited)",
					"@executable_path/Frameworks",
				);
				MARKETING_VERSION = 1.0;
				PRODUCT_BUNDLE_IDENTIFIER = com.moviefinder.iosdev;
				PRODUCT_NAME = "$(TARGET_NAME)";
				SWIFT_EMIT_LOC_STRINGS = YES;
				SWIFT_VERSION = 5.0;
				TARGETED_DEVICE_FAMILY = 1;
			};
			name = Development;
		};
		5F3528FB2801DC14001D92DE /* Release */ = {
			isa = XCBuildConfiguration;
			baseConfigurationReference = D0FF33A537716F56BA71E176 /* Pods-MovieFinder.release.xcconfig */;
			buildSettings = {
				ASSETCATALOG_COMPILER_APPICON_NAME = AppIcon;
				ASSETCATALOG_COMPILER_GLOBAL_ACCENT_COLOR_NAME = AccentColor;
				CODE_SIGN_STYLE = Automatic;
				CURRENT_PROJECT_VERSION = 1;
				DEVELOPMENT_TEAM = NHFBU2GC6N;
				GENERATE_INFOPLIST_FILE = YES;
				INFOPLIST_FILE = MovieFinder/Info.plist;
				INFOPLIST_KEY_UIApplicationSupportsIndirectInputEvents = YES;
				INFOPLIST_KEY_UILaunchStoryboardName = LaunchScreen;
				INFOPLIST_KEY_UIMainStoryboardFile = Splash;
				INFOPLIST_KEY_UIRequiredDeviceCapabilities = armv7;
				INFOPLIST_KEY_UISupportedInterfaceOrientations = UIInterfaceOrientationPortrait;
				INFOPLIST_KEY_UISupportedInterfaceOrientations_iPad = "UIInterfaceOrientationPortrait UIInterfaceOrientationPortraitUpsideDown UIInterfaceOrientationLandscapeLeft UIInterfaceOrientationLandscapeRight";
				INFOPLIST_KEY_UISupportedInterfaceOrientations_iPhone = "UIInterfaceOrientationPortrait UIInterfaceOrientationLandscapeLeft UIInterfaceOrientationLandscapeRight";
				INFOPLIST_KEY_UIUserInterfaceStyle = Light;
				IPHONEOS_DEPLOYMENT_TARGET = 12.0;
				LD_RUNPATH_SEARCH_PATHS = (
					"$(inherited)",
					"@executable_path/Frameworks",
				);
				MARKETING_VERSION = 1.0;
				PRODUCT_BUNDLE_IDENTIFIER = com.moviefinder.ios;
				PRODUCT_NAME = "$(TARGET_NAME)";
				SWIFT_EMIT_LOC_STRINGS = YES;
				SWIFT_VERSION = 5.0;
				TARGETED_DEVICE_FAMILY = 1;
			};
			name = Release;
		};
		5F3528FD2801DC14001D92DE /* Development */ = {
			isa = XCBuildConfiguration;
			baseConfigurationReference = 8D663A7B64421E01B539AC21 /* Pods-MovieFinderTests.development.xcconfig */;
			buildSettings = {
				ALWAYS_EMBED_SWIFT_STANDARD_LIBRARIES = YES;
				BUNDLE_LOADER = "$(TEST_HOST)";
				CODE_SIGN_STYLE = Automatic;
				CURRENT_PROJECT_VERSION = 1;
				DEVELOPMENT_TEAM = NHFBU2GC6N;
				GENERATE_INFOPLIST_FILE = YES;
				IPHONEOS_DEPLOYMENT_TARGET = 15.4;
				MARKETING_VERSION = 1.0;
				PRODUCT_BUNDLE_IDENTIFIER = com.cagri.MovieFinderTests;
				PRODUCT_NAME = "$(TARGET_NAME)";
				SWIFT_EMIT_LOC_STRINGS = NO;
				SWIFT_VERSION = 5.0;
				TARGETED_DEVICE_FAMILY = "1,2";
				TEST_HOST = "$(BUILT_PRODUCTS_DIR)/MovieFinder.app/MovieFinder";
			};
			name = Development;
		};
		5F3528FE2801DC14001D92DE /* Release */ = {
			isa = XCBuildConfiguration;
			baseConfigurationReference = FF8B9C4A9D4D697D74F1008B /* Pods-MovieFinderTests.release.xcconfig */;
			buildSettings = {
				ALWAYS_EMBED_SWIFT_STANDARD_LIBRARIES = YES;
				BUNDLE_LOADER = "$(TEST_HOST)";
				CODE_SIGN_STYLE = Automatic;
				CURRENT_PROJECT_VERSION = 1;
				DEVELOPMENT_TEAM = NHFBU2GC6N;
				GENERATE_INFOPLIST_FILE = YES;
				IPHONEOS_DEPLOYMENT_TARGET = 15.4;
				MARKETING_VERSION = 1.0;
				PRODUCT_BUNDLE_IDENTIFIER = com.cagri.MovieFinderTests;
				PRODUCT_NAME = "$(TARGET_NAME)";
				SWIFT_EMIT_LOC_STRINGS = NO;
				SWIFT_VERSION = 5.0;
				TARGETED_DEVICE_FAMILY = "1,2";
				TEST_HOST = "$(BUILT_PRODUCTS_DIR)/MovieFinder.app/MovieFinder";
			};
			name = Release;
		};
		5F3529002801DC14001D92DE /* Development */ = {
			isa = XCBuildConfiguration;
			baseConfigurationReference = 8A99E426DC6AC9512F0663A3 /* Pods-MovieFinder-MovieFinderUITests.development.xcconfig */;
			buildSettings = {
				ALWAYS_EMBED_SWIFT_STANDARD_LIBRARIES = YES;
				CODE_SIGN_STYLE = Automatic;
				CURRENT_PROJECT_VERSION = 1;
				DEVELOPMENT_TEAM = NHFBU2GC6N;
				GENERATE_INFOPLIST_FILE = YES;
				MARKETING_VERSION = 1.0;
				PRODUCT_BUNDLE_IDENTIFIER = com.cagri.MovieFinderUITests;
				PRODUCT_NAME = "$(TARGET_NAME)";
				SWIFT_EMIT_LOC_STRINGS = NO;
				SWIFT_VERSION = 5.0;
				TARGETED_DEVICE_FAMILY = "1,2";
				TEST_TARGET_NAME = MovieFinder;
			};
			name = Development;
		};
		5F3529012801DC14001D92DE /* Release */ = {
			isa = XCBuildConfiguration;
			baseConfigurationReference = 6ACA2A855F70DD5A5CA57B0F /* Pods-MovieFinder-MovieFinderUITests.release.xcconfig */;
			buildSettings = {
				ALWAYS_EMBED_SWIFT_STANDARD_LIBRARIES = YES;
				CODE_SIGN_STYLE = Automatic;
				CURRENT_PROJECT_VERSION = 1;
				DEVELOPMENT_TEAM = NHFBU2GC6N;
				GENERATE_INFOPLIST_FILE = YES;
				MARKETING_VERSION = 1.0;
				PRODUCT_BUNDLE_IDENTIFIER = com.cagri.MovieFinderUITests;
				PRODUCT_NAME = "$(TARGET_NAME)";
				SWIFT_EMIT_LOC_STRINGS = NO;
				SWIFT_VERSION = 5.0;
				TARGETED_DEVICE_FAMILY = "1,2";
				TEST_TARGET_NAME = MovieFinder;
			};
			name = Release;
		};
		5F35294B2801F26E001D92DE /* Staging */ = {
			isa = XCBuildConfiguration;
			baseConfigurationReference = 5F3529412801E3CD001D92DE /* Staging.xcconfig */;
			buildSettings = {
				ALWAYS_SEARCH_USER_PATHS = NO;
				CLANG_ANALYZER_NONNULL = YES;
				CLANG_ANALYZER_NUMBER_OBJECT_CONVERSION = YES_AGGRESSIVE;
				CLANG_CXX_LANGUAGE_STANDARD = "gnu++17";
				CLANG_ENABLE_MODULES = YES;
				CLANG_ENABLE_OBJC_ARC = YES;
				CLANG_ENABLE_OBJC_WEAK = YES;
				CLANG_WARN_BLOCK_CAPTURE_AUTORELEASING = YES;
				CLANG_WARN_BOOL_CONVERSION = YES;
				CLANG_WARN_COMMA = YES;
				CLANG_WARN_CONSTANT_CONVERSION = YES;
				CLANG_WARN_DEPRECATED_OBJC_IMPLEMENTATIONS = YES;
				CLANG_WARN_DIRECT_OBJC_ISA_USAGE = YES_ERROR;
				CLANG_WARN_DOCUMENTATION_COMMENTS = YES;
				CLANG_WARN_EMPTY_BODY = YES;
				CLANG_WARN_ENUM_CONVERSION = YES;
				CLANG_WARN_INFINITE_RECURSION = YES;
				CLANG_WARN_INT_CONVERSION = YES;
				CLANG_WARN_NON_LITERAL_NULL_CONVERSION = YES;
				CLANG_WARN_OBJC_IMPLICIT_RETAIN_SELF = YES;
				CLANG_WARN_OBJC_LITERAL_CONVERSION = YES;
				CLANG_WARN_OBJC_ROOT_CLASS = YES_ERROR;
				CLANG_WARN_QUOTED_INCLUDE_IN_FRAMEWORK_HEADER = YES;
				CLANG_WARN_RANGE_LOOP_ANALYSIS = YES;
				CLANG_WARN_STRICT_PROTOTYPES = YES;
				CLANG_WARN_SUSPICIOUS_MOVE = YES;
				CLANG_WARN_UNGUARDED_AVAILABILITY = YES_AGGRESSIVE;
				CLANG_WARN_UNREACHABLE_CODE = YES;
				CLANG_WARN__DUPLICATE_METHOD_MATCH = YES;
				COPY_PHASE_STRIP = NO;
				DEBUG_INFORMATION_FORMAT = dwarf;
				ENABLE_STRICT_OBJC_MSGSEND = YES;
				ENABLE_TESTABILITY = YES;
				GCC_C_LANGUAGE_STANDARD = gnu11;
				GCC_DYNAMIC_NO_PIC = NO;
				GCC_NO_COMMON_BLOCKS = YES;
				GCC_OPTIMIZATION_LEVEL = 0;
				GCC_PREPROCESSOR_DEFINITIONS = (
					"DEBUG=1",
					"$(inherited)",
				);
				GCC_WARN_64_TO_32_BIT_CONVERSION = YES;
				GCC_WARN_ABOUT_RETURN_TYPE = YES_ERROR;
				GCC_WARN_UNDECLARED_SELECTOR = YES;
				GCC_WARN_UNINITIALIZED_AUTOS = YES_AGGRESSIVE;
				GCC_WARN_UNUSED_FUNCTION = YES;
				GCC_WARN_UNUSED_VARIABLE = YES;
				IPHONEOS_DEPLOYMENT_TARGET = 12.0;
				MTL_ENABLE_DEBUG_INFO = INCLUDE_SOURCE;
				MTL_FAST_MATH = YES;
				ONLY_ACTIVE_ARCH = YES;
				SDKROOT = iphoneos;
				SWIFT_ACTIVE_COMPILATION_CONDITIONS = DEBUG;
				SWIFT_OPTIMIZATION_LEVEL = "-Onone";
			};
			name = Staging;
		};
		5F35294C2801F26E001D92DE /* Staging */ = {
			isa = XCBuildConfiguration;
			baseConfigurationReference = A68002568AD738FEB9A157D7 /* Pods-MovieFinder.staging.xcconfig */;
			buildSettings = {
				ASSETCATALOG_COMPILER_APPICON_NAME = AppIcon;
				ASSETCATALOG_COMPILER_GLOBAL_ACCENT_COLOR_NAME = AccentColor;
				CODE_SIGN_STYLE = Automatic;
				CURRENT_PROJECT_VERSION = 1;
				DEVELOPMENT_TEAM = NHFBU2GC6N;
				GENERATE_INFOPLIST_FILE = YES;
				INFOPLIST_FILE = MovieFinder/Info.plist;
				INFOPLIST_KEY_UIApplicationSupportsIndirectInputEvents = YES;
				INFOPLIST_KEY_UILaunchStoryboardName = LaunchScreen;
				INFOPLIST_KEY_UIMainStoryboardFile = Splash;
				INFOPLIST_KEY_UIRequiredDeviceCapabilities = armv7;
				INFOPLIST_KEY_UISupportedInterfaceOrientations = UIInterfaceOrientationPortrait;
				INFOPLIST_KEY_UISupportedInterfaceOrientations_iPad = "UIInterfaceOrientationPortrait UIInterfaceOrientationPortraitUpsideDown UIInterfaceOrientationLandscapeLeft UIInterfaceOrientationLandscapeRight";
				INFOPLIST_KEY_UISupportedInterfaceOrientations_iPhone = "UIInterfaceOrientationPortrait UIInterfaceOrientationLandscapeLeft UIInterfaceOrientationLandscapeRight";
				INFOPLIST_KEY_UIUserInterfaceStyle = Light;
				IPHONEOS_DEPLOYMENT_TARGET = 12.0;
				LD_RUNPATH_SEARCH_PATHS = (
					"$(inherited)",
					"@executable_path/Frameworks",
				);
				MARKETING_VERSION = 1.0;
				PRODUCT_BUNDLE_IDENTIFIER = com.moviefinder.iosstg;
				PRODUCT_NAME = "$(TARGET_NAME)";
				SWIFT_EMIT_LOC_STRINGS = YES;
				SWIFT_VERSION = 5.0;
				TARGETED_DEVICE_FAMILY = 1;
			};
			name = Staging;
		};
		5F35294D2801F26E001D92DE /* Staging */ = {
			isa = XCBuildConfiguration;
			baseConfigurationReference = 0D7C97DE6D54792B4DE74281 /* Pods-MovieFinderTests.staging.xcconfig */;
			buildSettings = {
				ALWAYS_EMBED_SWIFT_STANDARD_LIBRARIES = YES;
				BUNDLE_LOADER = "$(TEST_HOST)";
				CODE_SIGN_STYLE = Automatic;
				CURRENT_PROJECT_VERSION = 1;
				DEVELOPMENT_TEAM = NHFBU2GC6N;
				GENERATE_INFOPLIST_FILE = YES;
				IPHONEOS_DEPLOYMENT_TARGET = 15.4;
				MARKETING_VERSION = 1.0;
				PRODUCT_BUNDLE_IDENTIFIER = com.cagri.MovieFinderTests;
				PRODUCT_NAME = "$(TARGET_NAME)";
				SWIFT_EMIT_LOC_STRINGS = NO;
				SWIFT_VERSION = 5.0;
				TARGETED_DEVICE_FAMILY = "1,2";
				TEST_HOST = "$(BUILT_PRODUCTS_DIR)/MovieFinder.app/MovieFinder";
			};
			name = Staging;
		};
		5F35294E2801F26E001D92DE /* Staging */ = {
			isa = XCBuildConfiguration;
			baseConfigurationReference = C49539E8B06B2B3497970889 /* Pods-MovieFinder-MovieFinderUITests.staging.xcconfig */;
			buildSettings = {
				ALWAYS_EMBED_SWIFT_STANDARD_LIBRARIES = YES;
				CODE_SIGN_STYLE = Automatic;
				CURRENT_PROJECT_VERSION = 1;
				DEVELOPMENT_TEAM = NHFBU2GC6N;
				GENERATE_INFOPLIST_FILE = YES;
				MARKETING_VERSION = 1.0;
				PRODUCT_BUNDLE_IDENTIFIER = com.cagri.MovieFinderUITests;
				PRODUCT_NAME = "$(TARGET_NAME)";
				SWIFT_EMIT_LOC_STRINGS = NO;
				SWIFT_VERSION = 5.0;
				TARGETED_DEVICE_FAMILY = "1,2";
				TEST_TARGET_NAME = MovieFinder;
			};
			name = Staging;
		};
/* End XCBuildConfiguration section */

/* Begin XCConfigurationList section */
		5F3528CA2801DC0B001D92DE /* Build configuration list for PBXProject "MovieFinder" */ = {
			isa = XCConfigurationList;
			buildConfigurations = (
				5F3528F72801DC14001D92DE /* Development */,
				5F35294B2801F26E001D92DE /* Staging */,
				5F3528F82801DC14001D92DE /* Release */,
			);
			defaultConfigurationIsVisible = 0;
			defaultConfigurationName = Release;
		};
		5F3528F92801DC14001D92DE /* Build configuration list for PBXNativeTarget "MovieFinder" */ = {
			isa = XCConfigurationList;
			buildConfigurations = (
				5F3528FA2801DC14001D92DE /* Development */,
				5F35294C2801F26E001D92DE /* Staging */,
				5F3528FB2801DC14001D92DE /* Release */,
			);
			defaultConfigurationIsVisible = 0;
			defaultConfigurationName = Release;
		};
		5F3528FC2801DC14001D92DE /* Build configuration list for PBXNativeTarget "MovieFinderTests" */ = {
			isa = XCConfigurationList;
			buildConfigurations = (
				5F3528FD2801DC14001D92DE /* Development */,
				5F35294D2801F26E001D92DE /* Staging */,
				5F3528FE2801DC14001D92DE /* Release */,
			);
			defaultConfigurationIsVisible = 0;
			defaultConfigurationName = Release;
		};
		5F3528FF2801DC14001D92DE /* Build configuration list for PBXNativeTarget "MovieFinderUITests" */ = {
			isa = XCConfigurationList;
			buildConfigurations = (
				5F3529002801DC14001D92DE /* Development */,
				5F35294E2801F26E001D92DE /* Staging */,
				5F3529012801DC14001D92DE /* Release */,
			);
			defaultConfigurationIsVisible = 0;
			defaultConfigurationName = Release;
		};
/* End XCConfigurationList section */
	};
	rootObject = 5F3528C72801DC0B001D92DE /* Project object */;
}
